// !$*UTF8*$!
{
	archiveVersion = 1;
	classes = {
	};
	objectVersion = 50;
	objects = {

/* Begin PBXBuildFile section */
		9328880F26CD01AE00F80BBF /* StructuresApp.swift in Sources */ = {isa = PBXBuildFile; fileRef = 932887FC26CD01AD00F80BBF /* StructuresApp.swift */; };
		9328881026CD01AE00F80BBF /* StructuresApp.swift in Sources */ = {isa = PBXBuildFile; fileRef = 932887FC26CD01AD00F80BBF /* StructuresApp.swift */; };
		9328881126CD01AE00F80BBF /* ContentView.swift in Sources */ = {isa = PBXBuildFile; fileRef = 932887FD26CD01AD00F80BBF /* ContentView.swift */; };
		9328881226CD01AE00F80BBF /* ContentView.swift in Sources */ = {isa = PBXBuildFile; fileRef = 932887FD26CD01AD00F80BBF /* ContentView.swift */; };
		9328881326CD01AE00F80BBF /* Assets.xcassets in Resources */ = {isa = PBXBuildFile; fileRef = 932887FE26CD01AE00F80BBF /* Assets.xcassets */; };
		9328881426CD01AE00F80BBF /* Assets.xcassets in Resources */ = {isa = PBXBuildFile; fileRef = 932887FE26CD01AE00F80BBF /* Assets.xcassets */; };
		9328881E26CD1E5A00F80BBF /* Node.swift in Sources */ = {isa = PBXBuildFile; fileRef = 9328881D26CD1E5A00F80BBF /* Node.swift */; };
		9328881F26CD1E5A00F80BBF /* Node.swift in Sources */ = {isa = PBXBuildFile; fileRef = 9328881D26CD1E5A00F80BBF /* Node.swift */; };
		9328882226CD299F00F80BBF /* LinkedListExample.swift in Sources */ = {isa = PBXBuildFile; fileRef = 9328882126CD299F00F80BBF /* LinkedListExample.swift */; };
		9328882326CD299F00F80BBF /* LinkedListExample.swift in Sources */ = {isa = PBXBuildFile; fileRef = 9328882126CD299F00F80BBF /* LinkedListExample.swift */; };
		9328882526CD2D8900F80BBF /* LinkedList.swift in Sources */ = {isa = PBXBuildFile; fileRef = 9328882426CD2D8900F80BBF /* LinkedList.swift */; };
		9328882626CD2D8900F80BBF /* LinkedList.swift in Sources */ = {isa = PBXBuildFile; fileRef = 9328882426CD2D8900F80BBF /* LinkedList.swift */; };
		934EE97A26D4F2E5004860AA /* Stack.swift in Sources */ = {isa = PBXBuildFile; fileRef = 934EE97926D4F2E5004860AA /* Stack.swift */; };
		934EE97B26D4F2E5004860AA /* Stack.swift in Sources */ = {isa = PBXBuildFile; fileRef = 934EE97926D4F2E5004860AA /* Stack.swift */; };
		934EE97D26D50090004860AA /* StackExample.swift in Sources */ = {isa = PBXBuildFile; fileRef = 934EE97C26D50090004860AA /* StackExample.swift */; };
		934EE97E26D50090004860AA /* StackExample.swift in Sources */ = {isa = PBXBuildFile; fileRef = 934EE97C26D50090004860AA /* StackExample.swift */; };
		934EE98126D508A9004860AA /* Queue.swift in Sources */ = {isa = PBXBuildFile; fileRef = 934EE98026D508A9004860AA /* Queue.swift */; };
		934EE98226D508A9004860AA /* Queue.swift in Sources */ = {isa = PBXBuildFile; fileRef = 934EE98026D508A9004860AA /* Queue.swift */; };
		934EE98426D517A3004860AA /* QueueExample.swift in Sources */ = {isa = PBXBuildFile; fileRef = 934EE98326D517A3004860AA /* QueueExample.swift */; };
		934EE98526D517A3004860AA /* QueueExample.swift in Sources */ = {isa = PBXBuildFile; fileRef = 934EE98326D517A3004860AA /* QueueExample.swift */; };
		934EE98726D51C3D004860AA /* DoublyLinkedList.swift in Sources */ = {isa = PBXBuildFile; fileRef = 934EE98626D51C3D004860AA /* DoublyLinkedList.swift */; };
		934EE98826D51C3D004860AA /* DoublyLinkedList.swift in Sources */ = {isa = PBXBuildFile; fileRef = 934EE98626D51C3D004860AA /* DoublyLinkedList.swift */; };
		934EE98A26D528AA004860AA /* DoublyLinkedListExample.swift in Sources */ = {isa = PBXBuildFile; fileRef = 934EE98926D528AA004860AA /* DoublyLinkedListExample.swift */; };
		934EE98B26D528AA004860AA /* DoublyLinkedListExample.swift in Sources */ = {isa = PBXBuildFile; fileRef = 934EE98926D528AA004860AA /* DoublyLinkedListExample.swift */; };
/* End PBXBuildFile section */

/* Begin PBXFileReference section */
		932887FC26CD01AD00F80BBF /* StructuresApp.swift */ = {isa = PBXFileReference; lastKnownFileType = sourcecode.swift; path = StructuresApp.swift; sourceTree = "<group>"; };
		932887FD26CD01AD00F80BBF /* ContentView.swift */ = {isa = PBXFileReference; lastKnownFileType = sourcecode.swift; path = ContentView.swift; sourceTree = "<group>"; };
		932887FE26CD01AE00F80BBF /* Assets.xcassets */ = {isa = PBXFileReference; lastKnownFileType = folder.assetcatalog; path = Assets.xcassets; sourceTree = "<group>"; };
		9328880326CD01AE00F80BBF /* Structures.app */ = {isa = PBXFileReference; explicitFileType = wrapper.application; includeInIndex = 0; path = Structures.app; sourceTree = BUILT_PRODUCTS_DIR; };
		9328880626CD01AE00F80BBF /* Info.plist */ = {isa = PBXFileReference; lastKnownFileType = text.plist.xml; path = Info.plist; sourceTree = "<group>"; };
		9328880B26CD01AE00F80BBF /* Structures.app */ = {isa = PBXFileReference; explicitFileType = wrapper.application; includeInIndex = 0; path = Structures.app; sourceTree = BUILT_PRODUCTS_DIR; };
		9328880D26CD01AE00F80BBF /* Info.plist */ = {isa = PBXFileReference; lastKnownFileType = text.plist.xml; path = Info.plist; sourceTree = "<group>"; };
		9328880E26CD01AE00F80BBF /* macOS.entitlements */ = {isa = PBXFileReference; lastKnownFileType = text.plist.entitlements; path = macOS.entitlements; sourceTree = "<group>"; };
		9328881D26CD1E5A00F80BBF /* Node.swift */ = {isa = PBXFileReference; lastKnownFileType = sourcecode.swift; path = Node.swift; sourceTree = "<group>"; };
		9328882126CD299F00F80BBF /* LinkedListExample.swift */ = {isa = PBXFileReference; lastKnownFileType = sourcecode.swift; path = LinkedListExample.swift; sourceTree = "<group>"; };
		9328882426CD2D8900F80BBF /* LinkedList.swift */ = {isa = PBXFileReference; lastKnownFileType = sourcecode.swift; path = LinkedList.swift; sourceTree = "<group>"; };
		934EE97926D4F2E5004860AA /* Stack.swift */ = {isa = PBXFileReference; lastKnownFileType = sourcecode.swift; path = Stack.swift; sourceTree = "<group>"; };
		934EE97C26D50090004860AA /* StackExample.swift */ = {isa = PBXFileReference; lastKnownFileType = sourcecode.swift; path = StackExample.swift; sourceTree = "<group>"; };
		934EE98026D508A9004860AA /* Queue.swift */ = {isa = PBXFileReference; lastKnownFileType = sourcecode.swift; path = Queue.swift; sourceTree = "<group>"; };
		934EE98326D517A3004860AA /* QueueExample.swift */ = {isa = PBXFileReference; lastKnownFileType = sourcecode.swift; path = QueueExample.swift; sourceTree = "<group>"; };
		934EE98626D51C3D004860AA /* DoublyLinkedList.swift */ = {isa = PBXFileReference; lastKnownFileType = sourcecode.swift; path = DoublyLinkedList.swift; sourceTree = "<group>"; };
		934EE98926D528AA004860AA /* DoublyLinkedListExample.swift */ = {isa = PBXFileReference; lastKnownFileType = sourcecode.swift; path = DoublyLinkedListExample.swift; sourceTree = "<group>"; };
/* End PBXFileReference section */

/* Begin PBXFrameworksBuildPhase section */
		9328880026CD01AE00F80BBF /* Frameworks */ = {
			isa = PBXFrameworksBuildPhase;
			buildActionMask = 2147483647;
			files = (
			);
			runOnlyForDeploymentPostprocessing = 0;
		};
		9328880826CD01AE00F80BBF /* Frameworks */ = {
			isa = PBXFrameworksBuildPhase;
			buildActionMask = 2147483647;
			files = (
			);
			runOnlyForDeploymentPostprocessing = 0;
		};
/* End PBXFrameworksBuildPhase section */

/* Begin PBXGroup section */
		932887F626CD01AD00F80BBF = {
			isa = PBXGroup;
			children = (
				932887FB26CD01AD00F80BBF /* Shared */,
				9328880526CD01AE00F80BBF /* iOS */,
				9328880C26CD01AE00F80BBF /* macOS */,
				9328880426CD01AE00F80BBF /* Products */,
			);
			sourceTree = "<group>";
		};
		932887FB26CD01AD00F80BBF /* Shared */ = {
			isa = PBXGroup;
			children = (
				932887FC26CD01AD00F80BBF /* StructuresApp.swift */,
				932887FD26CD01AD00F80BBF /* ContentView.swift */,
				934EE97F26D500A2004860AA /* Examples */,
				932887FE26CD01AE00F80BBF /* Assets.xcassets */,
				9328882026CD1E6500F80BBF /* Structures */,
			);
			path = Shared;
			sourceTree = "<group>";
		};
		9328880426CD01AE00F80BBF /* Products */ = {
			isa = PBXGroup;
			children = (
				9328880326CD01AE00F80BBF /* Structures.app */,
				9328880B26CD01AE00F80BBF /* Structures.app */,
			);
			name = Products;
			sourceTree = "<group>";
		};
		9328880526CD01AE00F80BBF /* iOS */ = {
			isa = PBXGroup;
			children = (
				9328880626CD01AE00F80BBF /* Info.plist */,
			);
			path = iOS;
			sourceTree = "<group>";
		};
		9328880C26CD01AE00F80BBF /* macOS */ = {
			isa = PBXGroup;
			children = (
				9328880D26CD01AE00F80BBF /* Info.plist */,
				9328880E26CD01AE00F80BBF /* macOS.entitlements */,
			);
			path = macOS;
			sourceTree = "<group>";
		};
		9328882026CD1E6500F80BBF /* Structures */ = {
			isa = PBXGroup;
			children = (
				9328881D26CD1E5A00F80BBF /* Node.swift */,
				9328882426CD2D8900F80BBF /* LinkedList.swift */,
				934EE98626D51C3D004860AA /* DoublyLinkedList.swift */,
				934EE97926D4F2E5004860AA /* Stack.swift */,
				934EE98026D508A9004860AA /* Queue.swift */,
			);
			path = Structures;
			sourceTree = "<group>";
		};
		934EE97F26D500A2004860AA /* Examples */ = {
			isa = PBXGroup;
			children = (
				9328882126CD299F00F80BBF /* LinkedListExample.swift */,
				934EE98926D528AA004860AA /* DoublyLinkedListExample.swift */,
				934EE97C26D50090004860AA /* StackExample.swift */,
				934EE98326D517A3004860AA /* QueueExample.swift */,
			);
			path = Examples;
			sourceTree = "<group>";
		};
/* End PBXGroup section */

/* Begin PBXNativeTarget section */
		9328880226CD01AE00F80BBF /* Structures (iOS) */ = {
			isa = PBXNativeTarget;
			buildConfigurationList = 9328881726CD01AE00F80BBF /* Build configuration list for PBXNativeTarget "Structures (iOS)" */;
			buildPhases = (
				932887FF26CD01AE00F80BBF /* Sources */,
				9328880026CD01AE00F80BBF /* Frameworks */,
				9328880126CD01AE00F80BBF /* Resources */,
			);
			buildRules = (
			);
			dependencies = (
			);
			name = "Structures (iOS)";
			productName = "Structures (iOS)";
			productReference = 9328880326CD01AE00F80BBF /* Structures.app */;
			productType = "com.apple.product-type.application";
		};
		9328880A26CD01AE00F80BBF /* Structures (macOS) */ = {
			isa = PBXNativeTarget;
			buildConfigurationList = 9328881A26CD01AE00F80BBF /* Build configuration list for PBXNativeTarget "Structures (macOS)" */;
			buildPhases = (
				9328880726CD01AE00F80BBF /* Sources */,
				9328880826CD01AE00F80BBF /* Frameworks */,
				9328880926CD01AE00F80BBF /* Resources */,
			);
			buildRules = (
			);
			dependencies = (
			);
			name = "Structures (macOS)";
			productName = "Structures (macOS)";
			productReference = 9328880B26CD01AE00F80BBF /* Structures.app */;
			productType = "com.apple.product-type.application";
		};
/* End PBXNativeTarget section */

/* Begin PBXProject section */
		932887F726CD01AD00F80BBF /* Project object */ = {
			isa = PBXProject;
			attributes = {
				LastSwiftUpdateCheck = 1250;
				LastUpgradeCheck = 1250;
				TargetAttributes = {
					9328880226CD01AE00F80BBF = {
						CreatedOnToolsVersion = 12.5.1;
					};
					9328880A26CD01AE00F80BBF = {
						CreatedOnToolsVersion = 12.5.1;
					};
				};
			};
			buildConfigurationList = 932887FA26CD01AD00F80BBF /* Build configuration list for PBXProject "Structures" */;
			compatibilityVersion = "Xcode 9.3";
			developmentRegion = en;
			hasScannedForEncodings = 0;
			knownRegions = (
				en,
				Base,
			);
			mainGroup = 932887F626CD01AD00F80BBF;
			productRefGroup = 9328880426CD01AE00F80BBF /* Products */;
			projectDirPath = "";
			projectRoot = "";
			targets = (
				9328880226CD01AE00F80BBF /* Structures (iOS) */,
				9328880A26CD01AE00F80BBF /* Structures (macOS) */,
			);
		};
/* End PBXProject section */

/* Begin PBXResourcesBuildPhase section */
		9328880126CD01AE00F80BBF /* Resources */ = {
			isa = PBXResourcesBuildPhase;
			buildActionMask = 2147483647;
			files = (
				9328881326CD01AE00F80BBF /* Assets.xcassets in Resources */,
			);
			runOnlyForDeploymentPostprocessing = 0;
		};
		9328880926CD01AE00F80BBF /* Resources */ = {
			isa = PBXResourcesBuildPhase;
			buildActionMask = 2147483647;
			files = (
				9328881426CD01AE00F80BBF /* Assets.xcassets in Resources */,
			);
			runOnlyForDeploymentPostprocessing = 0;
		};
/* End PBXResourcesBuildPhase section */

/* Begin PBXSourcesBuildPhase section */
		932887FF26CD01AE00F80BBF /* Sources */ = {
			isa = PBXSourcesBuildPhase;
			buildActionMask = 2147483647;
			files = (
				934EE97D26D50090004860AA /* StackExample.swift in Sources */,
				9328881E26CD1E5A00F80BBF /* Node.swift in Sources */,
				9328881126CD01AE00F80BBF /* ContentView.swift in Sources */,
				934EE98126D508A9004860AA /* Queue.swift in Sources */,
				9328882526CD2D8900F80BBF /* LinkedList.swift in Sources */,
				934EE98726D51C3D004860AA /* DoublyLinkedList.swift in Sources */,
				9328882226CD299F00F80BBF /* LinkedListExample.swift in Sources */,
				934EE97A26D4F2E5004860AA /* Stack.swift in Sources */,
				934EE98426D517A3004860AA /* QueueExample.swift in Sources */,
				934EE98A26D528AA004860AA /* DoublyLinkedListExample.swift in Sources */,
				9328880F26CD01AE00F80BBF /* StructuresApp.swift in Sources */,
			);
			runOnlyForDeploymentPostprocessing = 0;
		};
		9328880726CD01AE00F80BBF /* Sources */ = {
			isa = PBXSourcesBuildPhase;
			buildActionMask = 2147483647;
			files = (
				934EE97E26D50090004860AA /* StackExample.swift in Sources */,
				9328881F26CD1E5A00F80BBF /* Node.swift in Sources */,
				9328881226CD01AE00F80BBF /* ContentView.swift in Sources */,
				934EE98226D508A9004860AA /* Queue.swift in Sources */,
				9328882626CD2D8900F80BBF /* LinkedList.swift in Sources */,
				934EE98826D51C3D004860AA /* DoublyLinkedList.swift in Sources */,
				9328882326CD299F00F80BBF /* LinkedListExample.swift in Sources */,
				934EE97B26D4F2E5004860AA /* Stack.swift in Sources */,
				934EE98526D517A3004860AA /* QueueExample.swift in Sources */,
				934EE98B26D528AA004860AA /* DoublyLinkedListExample.swift in Sources */,
				9328881026CD01AE00F80BBF /* StructuresApp.swift in Sources */,
			);
			runOnlyForDeploymentPostprocessing = 0;
		};
/* End PBXSourcesBuildPhase section */

/* Begin XCBuildConfiguration section */
		9328881526CD01AE00F80BBF /* Debug */ = {
			isa = XCBuildConfiguration;
			buildSettings = {
				ALWAYS_SEARCH_USER_PATHS = NO;
				CLANG_ANALYZER_NONNULL = YES;
				CLANG_ANALYZER_NUMBER_OBJECT_CONVERSION = YES_AGGRESSIVE;
				CLANG_CXX_LANGUAGE_STANDARD = "gnu++14";
				CLANG_CXX_LIBRARY = "libc++";
				CLANG_ENABLE_MODULES = YES;
				CLANG_ENABLE_OBJC_ARC = YES;
				CLANG_ENABLE_OBJC_WEAK = YES;
				CLANG_WARN_BLOCK_CAPTURE_AUTORELEASING = YES;
				CLANG_WARN_BOOL_CONVERSION = YES;
				CLANG_WARN_COMMA = YES;
				CLANG_WARN_CONSTANT_CONVERSION = YES;
				CLANG_WARN_DEPRECATED_OBJC_IMPLEMENTATIONS = YES;
				CLANG_WARN_DIRECT_OBJC_ISA_USAGE = YES_ERROR;
				CLANG_WARN_DOCUMENTATION_COMMENTS = YES;
				CLANG_WARN_EMPTY_BODY = YES;
				CLANG_WARN_ENUM_CONVERSION = YES;
				CLANG_WARN_INFINITE_RECURSION = YES;
				CLANG_WARN_INT_CONVERSION = YES;
				CLANG_WARN_NON_LITERAL_NULL_CONVERSION = YES;
				CLANG_WARN_OBJC_IMPLICIT_RETAIN_SELF = YES;
				CLANG_WARN_OBJC_LITERAL_CONVERSION = YES;
				CLANG_WARN_OBJC_ROOT_CLASS = YES_ERROR;
				CLANG_WARN_QUOTED_INCLUDE_IN_FRAMEWORK_HEADER = YES;
				CLANG_WARN_RANGE_LOOP_ANALYSIS = YES;
				CLANG_WARN_STRICT_PROTOTYPES = YES;
				CLANG_WARN_SUSPICIOUS_MOVE = YES;
				CLANG_WARN_UNGUARDED_AVAILABILITY = YES_AGGRESSIVE;
				CLANG_WARN_UNREACHABLE_CODE = YES;
				CLANG_WARN__DUPLICATE_METHOD_MATCH = YES;
				COPY_PHASE_STRIP = NO;
				DEBUG_INFORMATION_FORMAT = dwarf;
				ENABLE_STRICT_OBJC_MSGSEND = YES;
				ENABLE_TESTABILITY = YES;
				GCC_C_LANGUAGE_STANDARD = gnu11;
				GCC_DYNAMIC_NO_PIC = NO;
				GCC_NO_COMMON_BLOCKS = YES;
				GCC_OPTIMIZATION_LEVEL = 0;
				GCC_PREPROCESSOR_DEFINITIONS = (
					"DEBUG=1",
					"$(inherited)",
				);
				GCC_WARN_64_TO_32_BIT_CONVERSION = YES;
				GCC_WARN_ABOUT_RETURN_TYPE = YES_ERROR;
				GCC_WARN_UNDECLARED_SELECTOR = YES;
				GCC_WARN_UNINITIALIZED_AUTOS = YES_AGGRESSIVE;
				GCC_WARN_UNUSED_FUNCTION = YES;
				GCC_WARN_UNUSED_VARIABLE = YES;
				MTL_ENABLE_DEBUG_INFO = INCLUDE_SOURCE;
				MTL_FAST_MATH = YES;
				ONLY_ACTIVE_ARCH = YES;
				SWIFT_ACTIVE_COMPILATION_CONDITIONS = DEBUG;
				SWIFT_OPTIMIZATION_LEVEL = "-Onone";
			};
			name = Debug;
		};
		9328881626CD01AE00F80BBF /* Release */ = {
			isa = XCBuildConfiguration;
			buildSettings = {
				ALWAYS_SEARCH_USER_PATHS = NO;
				CLANG_ANALYZER_NONNULL = YES;
				CLANG_ANALYZER_NUMBER_OBJECT_CONVERSION = YES_AGGRESSIVE;
				CLANG_CXX_LANGUAGE_STANDARD = "gnu++14";
				CLANG_CXX_LIBRARY = "libc++";
				CLANG_ENABLE_MODULES = YES;
				CLANG_ENABLE_OBJC_ARC = YES;
				CLANG_ENABLE_OBJC_WEAK = YES;
				CLANG_WARN_BLOCK_CAPTURE_AUTORELEASING = YES;
				CLANG_WARN_BOOL_CONVERSION = YES;
				CLANG_WARN_COMMA = YES;
				CLANG_WARN_CONSTANT_CONVERSION = YES;
				CLANG_WARN_DEPRECATED_OBJC_IMPLEMENTATIONS = YES;
				CLANG_WARN_DIRECT_OBJC_ISA_USAGE = YES_ERROR;
				CLANG_WARN_DOCUMENTATION_COMMENTS = YES;
				CLANG_WARN_EMPTY_BODY = YES;
				CLANG_WARN_ENUM_CONVERSION = YES;
				CLANG_WARN_INFINITE_RECURSION = YES;
				CLANG_WARN_INT_CONVERSION = YES;
				CLANG_WARN_NON_LITERAL_NULL_CONVERSION = YES;
				CLANG_WARN_OBJC_IMPLICIT_RETAIN_SELF = YES;
				CLANG_WARN_OBJC_LITERAL_CONVERSION = YES;
				CLANG_WARN_OBJC_ROOT_CLASS = YES_ERROR;
				CLANG_WARN_QUOTED_INCLUDE_IN_FRAMEWORK_HEADER = YES;
				CLANG_WARN_RANGE_LOOP_ANALYSIS = YES;
				CLANG_WARN_STRICT_PROTOTYPES = YES;
				CLANG_WARN_SUSPICIOUS_MOVE = YES;
				CLANG_WARN_UNGUARDED_AVAILABILITY = YES_AGGRESSIVE;
				CLANG_WARN_UNREACHABLE_CODE = YES;
				CLANG_WARN__DUPLICATE_METHOD_MATCH = YES;
				COPY_PHASE_STRIP = NO;
				DEBUG_INFORMATION_FORMAT = "dwarf-with-dsym";
				ENABLE_NS_ASSERTIONS = NO;
				ENABLE_STRICT_OBJC_MSGSEND = YES;
				GCC_C_LANGUAGE_STANDARD = gnu11;
				GCC_NO_COMMON_BLOCKS = YES;
				GCC_WARN_64_TO_32_BIT_CONVERSION = YES;
				GCC_WARN_ABOUT_RETURN_TYPE = YES_ERROR;
				GCC_WARN_UNDECLARED_SELECTOR = YES;
				GCC_WARN_UNINITIALIZED_AUTOS = YES_AGGRESSIVE;
				GCC_WARN_UNUSED_FUNCTION = YES;
				GCC_WARN_UNUSED_VARIABLE = YES;
				MTL_ENABLE_DEBUG_INFO = NO;
				MTL_FAST_MATH = YES;
				SWIFT_COMPILATION_MODE = wholemodule;
				SWIFT_OPTIMIZATION_LEVEL = "-O";
			};
			name = Release;
		};
		9328881826CD01AE00F80BBF /* Debug */ = {
			isa = XCBuildConfiguration;
			buildSettings = {
				ASSETCATALOG_COMPILER_APPICON_NAME = AppIcon;
				ASSETCATALOG_COMPILER_GLOBAL_ACCENT_COLOR_NAME = AccentColor;
				CODE_SIGN_STYLE = Automatic;
				DEVELOPMENT_TEAM = 32FHL9M78J;
				ENABLE_PREVIEWS = YES;
				INFOPLIST_FILE = iOS/Info.plist;
				IPHONEOS_DEPLOYMENT_TARGET = 14.0;
				LD_RUNPATH_SEARCH_PATHS = (
					"$(inherited)",
					"@executable_path/Frameworks",
				);
				PRODUCT_BUNDLE_IDENTIFIER = com.yaskin.Structures;
				PRODUCT_NAME = Structures;
				SDKROOT = iphoneos;
				SWIFT_VERSION = 5.0;
				TARGETED_DEVICE_FAMILY = 1;
			};
			name = Debug;
		};
		9328881926CD01AE00F80BBF /* Release */ = {
			isa = XCBuildConfiguration;
			buildSettings = {
				ASSETCATALOG_COMPILER_APPICON_NAME = AppIcon;
				ASSETCATALOG_COMPILER_GLOBAL_ACCENT_COLOR_NAME = AccentColor;
				CODE_SIGN_STYLE = Automatic;
				DEVELOPMENT_TEAM = 32FHL9M78J;
				ENABLE_PREVIEWS = YES;
				INFOPLIST_FILE = iOS/Info.plist;
				IPHONEOS_DEPLOYMENT_TARGET = 14.0;
				LD_RUNPATH_SEARCH_PATHS = (
					"$(inherited)",
					"@executable_path/Frameworks",
				);
				PRODUCT_BUNDLE_IDENTIFIER = com.yaskin.Structures;
				PRODUCT_NAME = Structures;
				SDKROOT = iphoneos;
				SWIFT_VERSION = 5.0;
				TARGETED_DEVICE_FAMILY = 1;
				VALIDATE_PRODUCT = YES;
			};
			name = Release;
		};
		9328881B26CD01AE00F80BBF /* Debug */ = {
			isa = XCBuildConfiguration;
			buildSettings = {
				ASSETCATALOG_COMPILER_APPICON_NAME = AppIcon;
				ASSETCATALOG_COMPILER_GLOBAL_ACCENT_COLOR_NAME = AccentColor;
				CODE_SIGN_ENTITLEMENTS = macOS/macOS.entitlements;
				CODE_SIGN_STYLE = Automatic;
				COMBINE_HIDPI_IMAGES = YES;
				DEVELOPMENT_TEAM = 32FHL9M78J;
				ENABLE_HARDENED_RUNTIME = YES;
				ENABLE_PREVIEWS = YES;
				INFOPLIST_FILE = macOS/Info.plist;
				LD_RUNPATH_SEARCH_PATHS = (
					"$(inherited)",
					"@executable_path/../Frameworks",
				);
				MACOSX_DEPLOYMENT_TARGET = 11.0;
				PRODUCT_BUNDLE_IDENTIFIER = com.yaskin.Structures;
				PRODUCT_NAME = Structures;
				SDKROOT = macosx;
				SWIFT_VERSION = 5.0;
			};
			name = Debug;
		};
		9328881C26CD01AE00F80BBF /* Release */ = {
			isa = XCBuildConfiguration;
			buildSettings = {
				ASSETCATALOG_COMPILER_APPICON_NAME = AppIcon;
				ASSETCATALOG_COMPILER_GLOBAL_ACCENT_COLOR_NAME = AccentColor;
				CODE_SIGN_ENTITLEMENTS = macOS/macOS.entitlements;
				CODE_SIGN_STYLE = Automatic;
				COMBINE_HIDPI_IMAGES = YES;
				DEVELOPMENT_TEAM = 32FHL9M78J;
				ENABLE_HARDENED_RUNTIME = YES;
				ENABLE_PREVIEWS = YES;
				INFOPLIST_FILE = macOS/Info.plist;
				LD_RUNPATH_SEARCH_PATHS = (
					"$(inherited)",
					"@executable_path/../Frameworks",
				);
				MACOSX_DEPLOYMENT_TARGET = 11.0;
				PRODUCT_BUNDLE_IDENTIFIER = com.yaskin.Structures;
				PRODUCT_NAME = Structures;
				SDKROOT = macosx;
				SWIFT_VERSION = 5.0;
			};
			name = Release;
		};
/* End XCBuildConfiguration section */

/* Begin XCConfigurationList section */
		932887FA26CD01AD00F80BBF /* Build configuration list for PBXProject "Structures" */ = {
			isa = XCConfigurationList;
			buildConfigurations = (
				9328881526CD01AE00F80BBF /* Debug */,
				9328881626CD01AE00F80BBF /* Release */,
			);
			defaultConfigurationIsVisible = 0;
			defaultConfigurationName = Release;
		};
		9328881726CD01AE00F80BBF /* Build configuration list for PBXNativeTarget "Structures (iOS)" */ = {
			isa = XCConfigurationList;
			buildConfigurations = (
				9328881826CD01AE00F80BBF /* Debug */,
				9328881926CD01AE00F80BBF /* Release */,
			);
			defaultConfigurationIsVisible = 0;
			defaultConfigurationName = Release;
		};
		9328881A26CD01AE00F80BBF /* Build configuration list for PBXNativeTarget "Structures (macOS)" */ = {
			isa = XCConfigurationList;
			buildConfigurations = (
				9328881B26CD01AE00F80BBF /* Debug */,
				9328881C26CD01AE00F80BBF /* Release */,
			);
			defaultConfigurationIsVisible = 0;
			defaultConfigurationName = Release;
		};
/* End XCConfigurationList section */
	};
	rootObject = 932887F726CD01AD00F80BBF /* Project object */;
}
